
Microsoft Visual Studio Solution File, Format Version 12.00
# Visual Studio Version 16
VisualStudioVersion = 16.0.29905.134
MinimumVisualStudioVersion = 10.0.40219.1
Project("{8BC9CEB8-8B4A-11D0-8D11-00A0C91BC942}") = "StringAlgs", "StringAlgs.vcxproj", "{91E15A53-C540-4E5B-88CD-7F37097DFDF1}"
EndProject
Global
	GlobalSection(SolutionConfigurationPlatforms) = preSolution
		Debug|x64 = Debug|x64
		Debug|x86 = Debug|x86
		Release|x64 = Release|x64
		Release|x86 = Release|x86
	EndGlobalSection
	GlobalSection(ProjectConfigurationPlatforms) = postSolution
		{91E15A53-C540-4E5B-88CD-7F37097DFDF1}.Debug|x64.ActiveCfg = Debug|x64
		{91E15A53-C540-4E5B-88CD-7F37097DFDF1}.Debug|x64.Build.0 = Debug|x64
		{91E15A53-C540-4E5B-88CD-7F37097DFDF1}.Debug|x86.ActiveCfg = Debug|Win32
		{91E15A53-C540-4E5B-88CD-7F37097DFDF1}.Debug|x86.Build.0 = Debug|Win32
		{91E15A53-C540-4E5B-88CD-7F37097DFDF1}.Release|x64.ActiveCfg = Release|x64
		{91E15A53-C540-4E5B-88CD-7F37097DFDF1}.Release|x64.Build.0 = Release|x64
		{91E15A53-C540-4E5B-88CD-7F37097DFDF1}.Release|x86.ActiveCfg = Release|Win32
		{91E15A53-C540-4E5B-88CD-7F37097DFDF1}.Release|x86.Build.0 = Release|Win32
	EndGlobalSection
	GlobalSection(SolutionProperties) = preSolution
		HideSolutionNode = FALSE
	EndGlobalSection
	GlobalSection(ExtensibilityGlobals) = postSolution
		SolutionGuid = {8F41F152-7883-432C-AA7A-5CFB9299C36D}
	EndGlobalSection
EndGlobal
